{
  "name": "deno-vercel",
  "version": "1.0.0",
  "lockfileVersion": 1,
  "requires": true,
  "dependencies": {
    "@types/node": {
      "version": "14.0.14",
      "resolved": "https://registry.npmjs.org/@types/node/-/node-14.0.14.tgz",
      "integrity": "sha512-syUgf67ZQpaJj01/tRTknkMNoBBLWJOBODF0Zm4NrXmiSuxjymFrxnTu1QVYRubhVkRcZLYZG8STTwJRdVm/WQ==",
      "dev": true
    },
    "@vercel/build-utils": {
      "version": "2.4.0",
      "resolved": "https://registry.npmjs.org/@vercel/build-utils/-/build-utils-2.4.0.tgz",
      "integrity": "sha512-VRXMLBPDcpFUHQMgHdgYHBl9SRwqNFb43tgkMdTYaNml2HgqlLNvNuINKlqwB2/Q/tARIWcm4jmPKR0gu1CaEQ==",
      "dev": true
    },
    "@vercel/go": {
      "version": "1.1.2",
      "resolved": "https://registry.npmjs.org/@vercel/go/-/go-1.1.2.tgz",
      "integrity": "sha512-1k7w6gY2Uj4DVqvvqm5VXZZeCqmzV5Fw3T3hjfgt13WVXPVwYfXf50ya4VvwpF9/IEvXpAhXLRcHD7ZTCMoXKA==",
      "dev": true
    },
    "@vercel/next": {
      "version": "2.6.7",
      "resolved": "https://registry.npmjs.org/@vercel/next/-/next-2.6.7.tgz",
      "integrity": "sha512-zzcalT/TRpI7EH4glRqhD09jkeGqbjZ4JbiOkCdwTAMJDme8bf6wsYffBGu92DLv/2zDFPLj0EcNsGVhb7bk0w==",
      "dev": true
    },
    "@vercel/node": {
      "version": "1.7.1",
      "resolved": "https://registry.npmjs.org/@vercel/node/-/node-1.7.1.tgz",
      "integrity": "sha512-Lp6l3526xQ/srCqkXE9/E+gykAcpM/vut4zFo5NA9+syGxZt1nlVAznhNVkgsSW4mbRIE67KIfi7SII55dW7uw==",
      "dev": true,
      "requires": {
        "@types/node": "*",
        "ts-node": "8.9.1",
        "typescript": "3.9.3"
      },
      "dependencies": {
        "typescript": {
          "version": "3.9.3",
          "resolved": "https://registry.npmjs.org/typescript/-/typescript-3.9.3.tgz",
          "integrity": "sha512-D/wqnB2xzNFIcoBG9FG8cXRDjiqSTbG2wd8DMZeQyJlP1vfTkIxH4GKveWaEBYySKIg+USu+E+EDIR47SqnaMQ==",
          "dev": true
        }
      }
    },
    "@vercel/python": {
      "version": "1.2.2",
      "resolved": "https://registry.npmjs.org/@vercel/python/-/python-1.2.2.tgz",
      "integrity": "sha512-+rHfbjJaySdac59Oa11a7/nZzpXC98Kqw5tPh8DT1I5OG8YTfgJnwgfBoytZOAZZQBcggoJspnjAd+wGVCoVXw==",
      "dev": true
    },
    "@vercel/ruby": {
      "version": "1.2.2",
      "resolved": "https://registry.npmjs.org/@vercel/ruby/-/ruby-1.2.2.tgz",
      "integrity": "sha512-5kKFNS84EvjHRI/umZqL31KdyvoWO05qbIeR3YHHJBCPSBIUlGimM0Wx7OsdAK+TMDzpWszBF/6bgk//KpmYbg==",
      "dev": true
    },
    "@vercel/static-build": {
      "version": "0.17.3",
      "resolved": "https://registry.npmjs.org/@vercel/static-build/-/static-build-0.17.3.tgz",
      "integrity": "sha512-Xf4b6AEVl5EnTSecG0p9hwi3F4MuvwsYyGmvhbNfoV5c8T4Q9gPgTY0f738OAUv1f81DdzRXcgijK4rFQ1ysTQ==",
      "dev": true
    },
    "arg": {
      "version": "4.1.3",
      "resolved": "https://registry.npmjs.org/arg/-/arg-4.1.3.tgz",
      "integrity": "sha512-58S9QDqG0Xx27YwPSt9fJxivjYl432YCwfDMfZ+71RAqUrZef7LrKQZ3LHLOwCS4FLNBplP533Zx895SeOCHvA==",
      "dev": true
    },
    "arr-union": {
      "version": "3.1.0",
      "resolved": "https://registry.npmjs.org/arr-union/-/arr-union-3.1.0.tgz",
      "integrity": "sha1-45sJrqne+Gao8gbiiK9jkZuuOcQ=",
      "dev": true
    },
    "buffer-from": {
      "version": "1.1.1",
      "resolved": "https://registry.npmjs.org/buffer-from/-/buffer-from-1.1.1.tgz",
      "integrity": "sha512-MQcXEUbCKtEo7bhqEs6560Hyd4XaovZlO/k9V3hjVUF/zwW7KBVdSK4gIt/bzwS9MbR5qob+F5jusZsb0YQK2A==",
      "dev": true
    },
    "clone-deep": {
      "version": "0.2.4",
      "resolved": "https://registry.npmjs.org/clone-deep/-/clone-deep-0.2.4.tgz",
      "integrity": "sha1-TnPdCen7lxzDhnDF3O2cGJZIHMY=",
      "dev": true,
      "requires": {
        "for-own": "^0.1.3",
        "is-plain-object": "^2.0.1",
        "kind-of": "^3.0.2",
        "lazy-cache": "^1.0.3",
        "shallow-clone": "^0.1.2"
      }
    },
    "diff": {
      "version": "4.0.2",
      "resolved": "https://registry.npmjs.org/diff/-/diff-4.0.2.tgz",
      "integrity": "sha512-58lmxKSA4BNyLz+HHMUzlOEpg09FV+ev6ZMe3vJihgdxzgcwZ8VoEEPmALCZG9LmqfVoNMMKpttIYTVG6uDY7A==",
      "dev": true
    },
    "for-in": {
      "version": "1.0.2",
      "resolved": "https://registry.npmjs.org/for-in/-/for-in-1.0.2.tgz",
      "integrity": "sha1-gQaNKVqBQuwKxybG4iAMMPttXoA=",
      "dev": true
    },
    "for-own": {
      "version": "0.1.5",
      "resolved": "https://registry.npmjs.org/for-own/-/for-own-0.1.5.tgz",
      "integrity": "sha1-UmXGgaTylNq78XyVCbZ2OqhFEM4=",
      "dev": true,
      "requires": {
        "for-in": "^1.0.1"
      }
    },
    "import-maps": {
      "version": "0.2.1",
      "resolved": "https://registry.npmjs.org/import-maps/-/import-maps-0.2.1.tgz",
      "integrity": "sha512-JUHl+ZpG8T/GTU4IIx2eno4T4wqbIiRU4XXPeCk8j+iXD4uZT60SAbrvOqu5Xc/Zo5+Hw2fO0A0760b28z2HuQ==",
      "dev": true
    },
    "is-buffer": {
      "version": "1.1.6",
      "resolved": "https://registry.npmjs.org/is-buffer/-/is-buffer-1.1.6.tgz",
      "integrity": "sha512-NcdALwpXkTm5Zvvbk7owOUSvVvBKDgKP5/ewfXEznmQFfs4ZRmanOeKBTjRVjka3QFoN6XJ+9F3USqfHqTaU5w==",
      "dev": true
    },
    "is-extendable": {
      "version": "0.1.1",
      "resolved": "https://registry.npmjs.org/is-extendable/-/is-extendable-0.1.1.tgz",
      "integrity": "sha1-YrEQ4omkcUGOPsNqYX1HLjAd/Ik=",
      "dev": true
    },
    "is-plain-object": {
      "version": "2.0.4",
      "resolved": "https://registry.npmjs.org/is-plain-object/-/is-plain-object-2.0.4.tgz",
      "integrity": "sha512-h5PpgXkWitc38BBMYawTYMWJHFZJVnBquFE57xFpjB8pJFiF6gZ+bU+WyI/yqXiFR5mdLsgYNaPe8uao6Uv9Og==",
      "dev": true,
      "requires": {
        "isobject": "^3.0.1"
      }
    },
    "isobject": {
      "version": "3.0.1",
      "resolved": "https://registry.npmjs.org/isobject/-/isobject-3.0.1.tgz",
      "integrity": "sha1-TkMekrEalzFjaqH5yNHMvP2reN8=",
      "dev": true
    },
    "kind-of": {
      "version": "3.2.2",
      "resolved": "https://registry.npmjs.org/kind-of/-/kind-of-3.2.2.tgz",
      "integrity": "sha1-MeohpzS6ubuw8yRm2JOupR5KPGQ=",
      "dev": true,
      "requires": {
        "is-buffer": "^1.1.5"
      }
    },
    "lazy-cache": {
      "version": "1.0.4",
      "resolved": "https://registry.npmjs.org/lazy-cache/-/lazy-cache-1.0.4.tgz",
      "integrity": "sha1-odePw6UEdMuAhF07O24dpJpEbo4=",
      "dev": true
    },
    "make-error": {
      "version": "1.3.6",
      "resolved": "https://registry.npmjs.org/make-error/-/make-error-1.3.6.tgz",
      "integrity": "sha512-s8UhlNe7vPKomQhC1qFelMokr/Sc3AgNbso3n74mVPA5LTZwkB9NlXf4XPamLxJE8h0gh73rM94xvwRT2CVInw==",
      "dev": true
    },
    "merge-deep": {
      "version": "3.0.2",
      "resolved": "https://registry.npmjs.org/merge-deep/-/merge-deep-3.0.2.tgz",
      "integrity": "sha512-T7qC8kg4Zoti1cFd8Cr0M+qaZfOwjlPDEdZIIPPB2JZctjaPM4fX+i7HOId69tAti2fvO6X5ldfYUONDODsrkA==",
      "dev": true,
      "requires": {
        "arr-union": "^3.1.0",
        "clone-deep": "^0.2.4",
        "kind-of": "^3.0.2"
      }
    },
    "mixin-object": {
      "version": "2.0.1",
      "resolved": "https://registry.npmjs.org/mixin-object/-/mixin-object-2.0.1.tgz",
      "integrity": "sha1-T7lJRB2rGCVA8f4DW6YOGUel5X4=",
      "dev": true,
      "requires": {
        "for-in": "^0.1.3",
        "is-extendable": "^0.1.1"
      },
      "dependencies": {
        "for-in": {
          "version": "0.1.8",
          "resolved": "https://registry.npmjs.org/for-in/-/for-in-0.1.8.tgz",
          "integrity": "sha1-2Hc5COMSVhCZUrH9ubP6hn0ndeE=",
          "dev": true
        }
      }
    },
    "shallow-clone": {
      "version": "0.1.2",
      "resolved": "https://registry.npmjs.org/shallow-clone/-/shallow-clone-0.1.2.tgz",
      "integrity": "sha1-WQnodLp3EG1zrEFM/sH/yofZcGA=",
      "dev": true,
      "requires": {
        "is-extendable": "^0.1.1",
        "kind-of": "^2.0.1",
        "lazy-cache": "^0.2.3",
        "mixin-object": "^2.0.1"
      },
      "dependencies": {
        "kind-of": {
          "version": "2.0.1",
          "resolved": "https://registry.npmjs.org/kind-of/-/kind-of-2.0.1.tgz",
          "integrity": "sha1-AY7HpM5+OobLkUG+UZ0kyPqpgbU=",
          "dev": true,
          "requires": {
            "is-buffer": "^1.0.2"
          }
        },
        "lazy-cache": {
          "version": "0.2.7",
          "resolved": "https://registry.npmjs.org/lazy-cache/-/lazy-cache-0.2.7.tgz",
          "integrity": "sha1-f+3fLctu23fRHvHRF6tf/fCrG2U=",
          "dev": true
        }
      }
    },
    "source-map": {
      "version": "0.6.1",
      "resolved": "https://registry.npmjs.org/source-map/-/source-map-0.6.1.tgz",
      "integrity": "sha512-UjgapumWlbMhkBgzT7Ykc5YXUT46F0iKu8SGXq0bcwP5dz/h0Plj6enJqjz1Zbq2l5WaqYnrVbwWOWMyF3F47g==",
      "dev": true
    },
    "source-map-support": {
      "version": "0.5.19",
      "resolved": "https://registry.npmjs.org/source-map-support/-/source-map-support-0.5.19.tgz",
      "integrity": "sha512-Wonm7zOCIJzBGQdB+thsPar0kYuCIzYvxZwlBa87yi/Mdjv7Tip2cyVbLj5o0cFPN4EVkuTwb3GDDyUx2DGnGw==",
      "dev": true,
      "requires": {
        "buffer-from": "^1.0.0",
        "source-map": "^0.6.0"
      }
    },
    "ts-node": {
      "version": "8.9.1",
      "resolved": "https://registry.npmjs.org/ts-node/-/ts-node-8.9.1.tgz",
      "integrity": "sha512-yrq6ODsxEFTLz0R3BX2myf0WBCSQh9A+py8PBo1dCzWIOcvisbyH6akNKqDHMgXePF2kir5mm5JXJTH3OUJYOQ==",
      "dev": true,
      "requires": {
        "arg": "^4.1.0",
        "diff": "^4.0.1",
        "make-error": "^1.1.1",
        "source-map-support": "^0.5.17",
        "yn": "3.1.1"
      }
    },
    "typescript": {
      "version": "3.9.6",
      "resolved": "https://registry.npmjs.org/typescript/-/typescript-3.9.6.tgz",
      "integrity": "sha512-Pspx3oKAPJtjNwE92YS05HQoY7z2SFyOpHo9MqJor3BXAGNaPUs83CuVp9VISFkSjyRfiTpmKuAYGJB7S7hOxw==",
      "dev": true
    },
    "typescript-deno-plugin": {
      "version": "1.31.0",
      "resolved": "https://registry.npmjs.org/typescript-deno-plugin/-/typescript-deno-plugin-1.31.0.tgz",
      "integrity": "sha512-IoF5c8EubyNgjxxarguZfMx8Ph9Av9XqjySop0orepXv8wr02ND3DNNDFFdQyZfQAAcv1/v/u14MQIp8Os4c1w==",
      "dev": true,
      "requires": {
        "import-maps": "^0.2.1",
        "merge-deep": "^3.0.2"
      }
    },
    "vercel": {
      "version": "19.1.1",
      "resolved": "https://registry.npmjs.org/vercel/-/vercel-19.1.1.tgz",
      "integrity": "sha512-cFKkzkkypdNcO1OQnjVCGSS/lFQQAmWNDIutdi2RYqMW0Pdp/u6XeZPADvDbqVwKi56QthoZybCCdolzNZxHVw==",
      "dev": true,
      "requires": {
        "@vercel/build-utils": "2.4.0",
        "@vercel/go": "1.1.2",
        "@vercel/next": "2.6.7",
        "@vercel/node": "1.7.1",
        "@vercel/python": "1.2.2",
        "@vercel/ruby": "1.2.2",
        "@vercel/static-build": "0.17.3"
      }
    },
    "yn": {
      "version": "3.1.1",
      "resolved": "https://registry.npmjs.org/yn/-/yn-3.1.1.tgz",
      "integrity": "sha512-Ux4ygGWsu2c7isFWe8Yu1YluJmqVhxqK2cLXNQA5AcC3QfbGNpM7fu0Y8b/z16pXLnFxZYvWhd3fhBY9DLmC6Q==",
      "dev": true
    }
  }
}
